
Microsoft Visual Studio Solution File, Format Version 12.00
# Visual Studio 2015
Project("{FAE04EC0-301F-11D3-BF4B-00C04F79EFBC}") = "AIVRHackathonv2.Plugins", "AIVRHackathonv2.Plugins.csproj", "{D04D6CD0-3083-6A4E-7F7B-AA840067321A}"
EndProject
Project("{FAE04EC0-301F-11D3-BF4B-00C04F79EFBC}") = "AIVRHackathonv2", "AIVRHackathonv2.csproj", "{1B8C2B28-370C-A761-7E77-EAD64E9109EA}"
EndProject
Project("{FAE04EC0-301F-11D3-BF4B-00C04F79EFBC}") = "AIVRHackathonv2.Editor.Plugins", "AIVRHackathonv2.Editor.Plugins.csproj", "{53A4CF9F-41AF-DDE0-B9A2-3E213B0DF54D}"
EndProject
Project("{FAE04EC0-301F-11D3-BF4B-00C04F79EFBC}") = "AIVRHackathonv2.Editor", "AIVRHackathonv2.Editor.csproj", "{45484041-C8DC-A960-0715-B6D2F59E6DDD}"
EndProject
Global
	GlobalSection(SolutionConfigurationPlatforms) = preSolution
		Debug|Any CPU = Debug|Any CPU
		Release|Any CPU = Release|Any CPU
	EndGlobalSection
	GlobalSection(ProjectConfigurationPlatforms) = postSolution
		{D04D6CD0-3083-6A4E-7F7B-AA840067321A}.Debug|Any CPU.ActiveCfg = Debug|Any CPU
		{D04D6CD0-3083-6A4E-7F7B-AA840067321A}.Debug|Any CPU.Build.0 = Debug|Any CPU
		{D04D6CD0-3083-6A4E-7F7B-AA840067321A}.Release|Any CPU.ActiveCfg = Release|Any CPU
		{D04D6CD0-3083-6A4E-7F7B-AA840067321A}.Release|Any CPU.Build.0 = Release|Any CPU
		{1B8C2B28-370C-A761-7E77-EAD64E9109EA}.Debug|Any CPU.ActiveCfg = Debug|Any CPU
		{1B8C2B28-370C-A761-7E77-EAD64E9109EA}.Debug|Any CPU.Build.0 = Debug|Any CPU
		{1B8C2B28-370C-A761-7E77-EAD64E9109EA}.Release|Any CPU.ActiveCfg = Release|Any CPU
		{1B8C2B28-370C-A761-7E77-EAD64E9109EA}.Release|Any CPU.Build.0 = Release|Any CPU
		{53A4CF9F-41AF-DDE0-B9A2-3E213B0DF54D}.Debug|Any CPU.ActiveCfg = Debug|Any CPU
		{53A4CF9F-41AF-DDE0-B9A2-3E213B0DF54D}.Debug|Any CPU.Build.0 = Debug|Any CPU
		{53A4CF9F-41AF-DDE0-B9A2-3E213B0DF54D}.Release|Any CPU.ActiveCfg = Release|Any CPU
		{53A4CF9F-41AF-DDE0-B9A2-3E213B0DF54D}.Release|Any CPU.Build.0 = Release|Any CPU
		{45484041-C8DC-A960-0715-B6D2F59E6DDD}.Debug|Any CPU.ActiveCfg = Debug|Any CPU
		{45484041-C8DC-A960-0715-B6D2F59E6DDD}.Debug|Any CPU.Build.0 = Debug|Any CPU
		{45484041-C8DC-A960-0715-B6D2F59E6DDD}.Release|Any CPU.ActiveCfg = Release|Any CPU
		{45484041-C8DC-A960-0715-B6D2F59E6DDD}.Release|Any CPU.Build.0 = Release|Any CPU
	EndGlobalSection
	GlobalSection(SolutionProperties) = preSolution
		HideSolutionNode = FALSE
	EndGlobalSection
EndGlobal
